
Microsoft Visual Studio Solution File, Format Version 12.00
# Visual Studio 2013
VisualStudioVersion = 12.0.31101.0
MinimumVisualStudioVersion = 10.0.40219.1
Project("{FAE04EC0-301F-11D3-BF4B-00C04F79EFBC}") = "Sitaad", "Sitaad\Sitaad.csproj", "{5919C325-4BDB-4914-B214-E25653CE0DA2}"
EndProject
Project("{FAE04EC0-301F-11D3-BF4B-00C04F79EFBC}") = "Sitaad.Tests", "C:\Users\Saeid\Documents\Visual Studio 2013\Projects\Sitaad\Sitaad.Tests\Sitaad.Tests.csproj", "{56BBDE06-B93C-445A-A564-21F44B49F25A}"
EndProject
Global
	GlobalSection(SolutionConfigurationPlatforms) = preSolution
		Debug|Any CPU = Debug|Any CPU
		Release|Any CPU = Release|Any CPU
	EndGlobalSection
	GlobalSection(ProjectConfigurationPlatforms) = postSolution
		{5919C325-4BDB-4914-B214-E25653CE0DA2}.Debug|Any CPU.ActiveCfg = Debug|Any CPU
		{5919C325-4BDB-4914-B214-E25653CE0DA2}.Debug|Any CPU.Build.0 = Debug|Any CPU
		{5919C325-4BDB-4914-B214-E25653CE0DA2}.Release|Any CPU.ActiveCfg = Release|Any CPU
		{5919C325-4BDB-4914-B214-E25653CE0DA2}.Release|Any CPU.Build.0 = Release|Any CPU
		{56BBDE06-B93C-445A-A564-21F44B49F25A}.Debug|Any CPU.ActiveCfg = Debug|Any CPU
		{56BBDE06-B93C-445A-A564-21F44B49F25A}.Debug|Any CPU.Build.0 = Debug|Any CPU
		{56BBDE06-B93C-445A-A564-21F44B49F25A}.Release|Any CPU.ActiveCfg = Release|Any CPU
		{56BBDE06-B93C-445A-A564-21F44B49F25A}.Release|Any CPU.Build.0 = Release|Any CPU
	EndGlobalSection
	GlobalSection(SolutionProperties) = preSolution
		HideSolutionNode = FALSE
	EndGlobalSection
EndGlobal
